
Microsoft Visual Studio Solution File, Format Version 12.00
# Visual Studio Version 17
VisualStudioVersion = 17.10.35122.118
MinimumVisualStudioVersion = 10.0.40219.1
Project("{FAE04EC0-301F-11D3-BF4B-00C04F79EFBC}") = "IntroToGithub", "IntroToGithub\IntroToGithub.csproj", "{CC9B499D-A4F7-4C2F-9B59-FB9466ED5F01}"
EndProject
Global
	GlobalSection(SolutionConfigurationPlatforms) = preSolution
		Debug|Any CPU = Debug|Any CPU
		Release|Any CPU = Release|Any CPU
	EndGlobalSection
	GlobalSection(ProjectConfigurationPlatforms) = postSolution
		{CC9B499D-A4F7-4C2F-9B59-FB9466ED5F01}.Debug|Any CPU.ActiveCfg = Debug|Any CPU
		{CC9B499D-A4F7-4C2F-9B59-FB9466ED5F01}.Debug|Any CPU.Build.0 = Debug|Any CPU
		{CC9B499D-A4F7-4C2F-9B59-FB9466ED5F01}.Release|Any CPU.ActiveCfg = Release|Any CPU
		{CC9B499D-A4F7-4C2F-9B59-FB9466ED5F01}.Release|Any CPU.Build.0 = Release|Any CPU
	EndGlobalSection
	GlobalSection(SolutionProperties) = preSolution
		HideSolutionNode = FALSE
	EndGlobalSection
	GlobalSection(ExtensibilityGlobals) = postSolution
		SolutionGuid = {226BF3AA-66DE-43F0-8006-4155485716DD}
	EndGlobalSection
EndGlobal
